<?xml version="1.0" encoding="utf-8"?>
<Project ToolsVersion="4.0" xmlns="http://schemas.microsoft.com/developer/msbuild/2003">
  <ItemGroup>
    <Filter Include="98.Default">
      <UniqueIdentifier>{4df6ad82-f155-45c5-806f-5368a5ea872b}</UniqueIdentifier>
    </Filter>
    <Filter Include="00.MainApp">
      <UniqueIdentifier>{fcc4098d-4d4d-4bb2-be3c-5fffd82925a2}</UniqueIdentifier>
    </Filter>
    <Filter Include="99.Headers">
      <UniqueIdentifier>{4d737215-7201-4bdd-a061-8e56bc2835d7}</UniqueIdentifier>
    </Filter>
    <Filter Include="01.Levels">
      <UniqueIdentifier>{f79c1202-5ed2-46c7-9f70-688a16401582}</UniqueIdentifier>
    </Filter>
    <Filter Include="01.Levels\Loading">
      <UniqueIdentifier>{3454500c-e17a-497d-8f35-67a44428a328}</UniqueIdentifier>
    </Filter>
    <Filter Include="01.Levels\GamePlay">
      <UniqueIdentifier>{a1af0104-8e17-49bc-bf0a-acf1c3e35ffd}</UniqueIdentifier>
    </Filter>
    <Filter Include="01.Levels\Loading\Loader">
      <UniqueIdentifier>{c4a585e4-8014-4baa-a70d-affc236effc8}</UniqueIdentifier>
    </Filter>
    <Filter Include="97.ShaderFiles">
      <UniqueIdentifier>{5816a62e-eb06-4d91-a4fe-c3bb2a7b5b1f}</UniqueIdentifier>
    </Filter>
    <Filter Include="02.GameObjects">
      <UniqueIdentifier>{4e7a46a3-df4e-45d1-ac0c-ccfbe4e1b118}</UniqueIdentifier>
    </Filter>
    <Filter Include="96.ImGUI">
      <UniqueIdentifier>{9573ee95-c92c-47fa-8aad-e0b82d8a60a9}</UniqueIdentifier>
    </Filter>
    <Filter Include="02.GameObjects\Background">
      <UniqueIdentifier>{852a7415-3bec-4fc8-a140-ae2ffdce675f}</UniqueIdentifier>
    </Filter>
    <Filter Include="02.GameObjects\Camera_Free">
      <UniqueIdentifier>{f6116312-1934-4370-b7d1-6e2a95e4812e}</UniqueIdentifier>
    </Filter>
    <Filter Include="02.GameObjects\Terrain">
      <UniqueIdentifier>{fa7e8c5d-7e5f-4039-8966-c19e3f728aa6}</UniqueIdentifier>
    </Filter>
    <Filter Include="96.ImGUI\Manager">
      <UniqueIdentifier>{bf9e0d73-5b85-4189-948e-6ae814a20960}</UniqueIdentifier>
    </Filter>
    <Filter Include="02.GameObjects\UI">
      <UniqueIdentifier>{d2ea9df6-816b-469f-b416-b8e4ec77f98c}</UniqueIdentifier>
    </Filter>
    <Filter Include="02.GameObjects\Player">
      <UniqueIdentifier>{ab8ba964-2bd6-4aec-a74a-f4b137535b52}</UniqueIdentifier>
    </Filter>
    <Filter Include="01.Levels\Logo">
      <UniqueIdentifier>{e7a52a48-4c68-4d4a-bc3f-f1acbc038b42}</UniqueIdentifier>
    </Filter>
    <Filter Include="02.GameObjects\Monster">
      <UniqueIdentifier>{6193768d-e870-4223-96f3-ee5f7f5cd582}</UniqueIdentifier>
    </Filter>
    <Filter Include="02.GameObjects\Monster\Boss">
      <UniqueIdentifier>{90545bd1-965e-4e81-b81f-2e2e16a2d830}</UniqueIdentifier>
    </Filter>
    <Filter Include="02.GameObjects\Player\WhirlWind">
      <UniqueIdentifier>{51f36e24-dc72-4f36-84ee-9c05d825f651}</UniqueIdentifier>
    </Filter>
    <Filter Include="02.GameObjects\Player\WhirlWind\WhirlWind_Normal">
      <UniqueIdentifier>{d4b6c240-fd34-44b0-b9fc-e912db682295}</UniqueIdentifier>
    </Filter>
    <Filter Include="02.GameObjects\Player\WhirlWind\WhirlWind_EQ">
      <UniqueIdentifier>{bc2fe5c2-e63a-4a3d-9305-26fbdde98e98}</UniqueIdentifier>
    </Filter>
    <Filter Include="02.GameObjects\MapObject">
      <UniqueIdentifier>{d9d8ad1e-a3b0-44af-b7c7-f562d13ba276}</UniqueIdentifier>
    </Filter>
    <Filter Include="02.GameObjects\Effect">
      <UniqueIdentifier>{244cc128-ef00-4952-8c75-afb697ada57e}</UniqueIdentifier>
    </Filter>
    <Filter Include="02.GameObjects\Monster\Boss\Volibear">
      <UniqueIdentifier>{f879e70e-ebc2-44bd-85d1-4f41e669c137}</UniqueIdentifier>
    </Filter>
    <Filter Include="02.GameObjects\Monster\Boss\Volibear\Voli_Ghost">
      <UniqueIdentifier>{3a17d7cf-382f-4cff-ab89-cf1107207c27}</UniqueIdentifier>
    </Filter>
    <Filter Include="02.GameObjects\Monster\Boss\Volibear\Effect">
      <UniqueIdentifier>{f78fc336-8eee-4f19-b982-c548949b8a4c}</UniqueIdentifier>
    </Filter>
    <Filter Include="02.GameObjects\Monster\Boss\Pantheon">
      <UniqueIdentifier>{0d39349b-e2d4-4cbd-b4a5-550f96867fae}</UniqueIdentifier>
    </Filter>
    <Filter Include="02.GameObjects\Player\Effect">
      <UniqueIdentifier>{3e77fb15-74d5-4be8-b118-4cedad366bc2}</UniqueIdentifier>
    </Filter>
    <Filter Include="02.GameObjects\Player\Effect\Q">
      <UniqueIdentifier>{53088114-44eb-41df-a77b-c4514d55af98}</UniqueIdentifier>
    </Filter>
    <Filter Include="02.GameObjects\Player\Effect\Passive_Q">
      <UniqueIdentifier>{66ab19b7-e62d-47bb-89c2-77b798c816ea}</UniqueIdentifier>
    </Filter>
    <Filter Include="02.GameObjects\Monster\Normal">
      <UniqueIdentifier>{771cf3a8-e990-49f1-8eb7-f5ebb1b4deed}</UniqueIdentifier>
    </Filter>
    <Filter Include="02.GameObjects\Monster\Normal\Wolf">
      <UniqueIdentifier>{4b016bbc-a307-4343-8e46-50ad90fb71f1}</UniqueIdentifier>
    </Filter>
    <Filter Include="02.GameObjects\Monster\Normal\Red">
      <UniqueIdentifier>{193b93c2-0858-4efa-bf34-361db8c8aa83}</UniqueIdentifier>
    </Filter>
    <Filter Include="02.GameObjects\Monster\Normal\RazorBeak">
      <UniqueIdentifier>{7d3f7cd5-50ae-4a7d-b9a9-c3dc35c3243e}</UniqueIdentifier>
    </Filter>
    <Filter Include="01.Levels\Boss">
      <UniqueIdentifier>{6489e1c5-b18f-49a2-9ef9-ec1dd298a1f8}</UniqueIdentifier>
    </Filter>
    <Filter Include="02.GameObjects\Player\Effect\Attack">
      <UniqueIdentifier>{0b871eb8-f6b7-4a84-ba6f-b4c4e1fe264a}</UniqueIdentifier>
    </Filter>
    <Filter Include="02.GameObjects\Player\WhirlWind\WhirlWind_Normal\Q_Dirt">
      <UniqueIdentifier>{c403ff75-e427-461a-ac96-4c756842f7da}</UniqueIdentifier>
    </Filter>
    <Filter Include="02.GameObjects\Player\Effect\Q\Hit">
      <UniqueIdentifier>{50698c6b-9e78-4a25-8a59-b05dff272c37}</UniqueIdentifier>
    </Filter>
    <Filter Include="02.GameObjects\Player\Effect\R">
      <UniqueIdentifier>{62924dbc-e128-4752-91e3-44d0b9f067a0}</UniqueIdentifier>
    </Filter>
    <Filter Include="02.GameObjects\Player\Effect\E">
      <UniqueIdentifier>{539c4f07-dc1d-41cb-9f28-214e089e7e24}</UniqueIdentifier>
    </Filter>
    <Filter Include="02.GameObjects\Player\Effect\E_Effect">
      <UniqueIdentifier>{95a77eb7-0936-4f74-80ed-f7d4ce77a3d4}</UniqueIdentifier>
    </Filter>
    <Filter Include="02.GameObjects\Player\Effect\R\Hit">
      <UniqueIdentifier>{8298cafa-29de-446b-81d9-5845a1822012}</UniqueIdentifier>
    </Filter>
    <Filter Include="02.GameObjects\Player\WhirlWind\WhirlWind_Hit_Effect">
      <UniqueIdentifier>{8329329b-aea2-4ad9-bcee-d95830899da9}</UniqueIdentifier>
    </Filter>
    <Filter Include="02.GameObjects\Monster\Normal\Effect">
      <UniqueIdentifier>{3d41e322-cc2d-40fe-9443-faa73a57eb75}</UniqueIdentifier>
    </Filter>
  </ItemGroup>
  <ItemGroup>
    <ClInclude Include="Client.h">
      <Filter>98.Default</Filter>
    </ClInclude>
    <ClInclude Include="Resource.h">
      <Filter>98.Default</Filter>
    </ClInclude>
    <ClInclude Include="stdafx.h">
      <Filter>98.Default</Filter>
    </ClInclude>
    <ClInclude Include="targetver.h">
      <Filter>98.Default</Filter>
    </ClInclude>
    <ClInclude Include="..\public\MainApp.h">
      <Filter>00.MainApp</Filter>
    </ClInclude>
    <ClInclude Include="..\Public\Client_Defines.h">
      <Filter>99.Headers</Filter>
    </ClInclude>
    <ClInclude Include="..\Public\Loader.h">
      <Filter>01.Levels\Loading\Loader</Filter>
    </ClInclude>
    <ClInclude Include="..\Public\Level_GamePlay.h">
      <Filter>01.Levels\GamePlay</Filter>
    </ClInclude>
    <ClInclude Include="..\Public\Level_Loading.h">
      <Filter>01.Levels\Loading</Filter>
    </ClInclude>
    <ClInclude Include="..\Public\Level_Logo.h">
      <Filter>01.Levels\Logo</Filter>
    </ClInclude>
    <ClInclude Include="..\..\Reference\Headers\ImGui\imgui_impl_win32.h">
      <Filter>96.ImGUI</Filter>
    </ClInclude>
    <ClInclude Include="..\..\Reference\Headers\ImGui\imgui_internal.h">
      <Filter>96.ImGUI</Filter>
    </ClInclude>
    <ClInclude Include="..\..\Reference\Headers\ImGui\imstb_rectpack.h">
      <Filter>96.ImGUI</Filter>
    </ClInclude>
    <ClInclude Include="..\..\Reference\Headers\ImGui\imstb_textedit.h">
      <Filter>96.ImGUI</Filter>
    </ClInclude>
    <ClInclude Include="..\..\Reference\Headers\ImGui\imstb_truetype.h">
      <Filter>96.ImGUI</Filter>
    </ClInclude>
    <ClInclude Include="..\..\Reference\Headers\ImGui\imconfig.h">
      <Filter>96.ImGUI</Filter>
    </ClInclude>
    <ClInclude Include="..\..\Reference\Headers\ImGui\imgui.h">
      <Filter>96.ImGUI</Filter>
    </ClInclude>
    <ClInclude Include="..\..\Reference\Headers\ImGui\imgui_impl_dx11.h">
      <Filter>96.ImGUI</Filter>
    </ClInclude>
    <ClInclude Include="..\Public\BackGround.h">
      <Filter>02.GameObjects\Background</Filter>
    </ClInclude>
    <ClInclude Include="..\Public\Camera_Free.h">
      <Filter>02.GameObjects\Camera_Free</Filter>
    </ClInclude>
    <ClInclude Include="..\Public\Terrain.h">
      <Filter>02.GameObjects\Terrain</Filter>
    </ClInclude>
    <ClInclude Include="..\Public\ImguiManager.h">
      <Filter>96.ImGUI\Manager</Filter>
    </ClInclude>
    <ClInclude Include="..\Public\UI.h">
      <Filter>02.GameObjects\UI</Filter>
    </ClInclude>
    <ClInclude Include="..\Public\Player.h">
      <Filter>02.GameObjects\Player</Filter>
    </ClInclude>
    <ClInclude Include="..\Public\Monster.h">
      <Filter>02.GameObjects\Monster</Filter>
    </ClInclude>
    <ClInclude Include="..\Public\WhirlWind.h">
      <Filter>02.GameObjects\Player\WhirlWind</Filter>
    </ClInclude>
    <ClInclude Include="..\Public\WhirlWind_Normal.h">
      <Filter>02.GameObjects\Player\WhirlWind\WhirlWind_Normal</Filter>
    </ClInclude>
    <ClInclude Include="..\Public\WhirlWind_EQ.h">
      <Filter>02.GameObjects\Player\WhirlWind\WhirlWind_EQ</Filter>
    </ClInclude>
    <ClInclude Include="MapObject.h">
      <Filter>02.GameObjects\MapObject</Filter>
    </ClInclude>
    <ClInclude Include="..\Bin\ShaderFiles\Shader_Defines.hpp">
      <Filter>97.ShaderFiles</Filter>
    </ClInclude>
    <ClInclude Include="..\Public\Effect.h">
      <Filter>02.GameObjects\Effect</Filter>
    </ClInclude>
    <ClInclude Include="..\Public\Voli_Ghost.h">
      <Filter>02.GameObjects\Monster\Boss\Volibear\Voli_Ghost</Filter>
    </ClInclude>
    <ClInclude Include="..\Public\Volibear.h">
      <Filter>02.GameObjects\Monster\Boss\Volibear</Filter>
    </ClInclude>
    <ClInclude Include="..\Public\Effect_Voli_E.h">
      <Filter>02.GameObjects\Monster\Boss\Volibear\Effect</Filter>
    </ClInclude>
    <ClInclude Include="..\Public\Pantheon.h">
      <Filter>02.GameObjects\Monster\Boss\Pantheon</Filter>
    </ClInclude>
    <ClInclude Include="..\Public\Player_Q_Effect.h">
      <Filter>02.GameObjects\Player\Effect\Q</Filter>
    </ClInclude>
    <ClInclude Include="..\Public\Player_Q_Passive.h">
      <Filter>02.GameObjects\Player\Effect\Passive_Q</Filter>
    </ClInclude>
    <ClInclude Include="..\Public\Player_R_Effect.h">
      <Filter>02.GameObjects\Player\Effect\R</Filter>
    </ClInclude>
    <ClInclude Include="..\Public\Wolf.h">
      <Filter>02.GameObjects\Monster\Normal\Wolf</Filter>
    </ClInclude>
    <ClInclude Include="..\Public\Red.h">
      <Filter>02.GameObjects\Monster\Normal\Red</Filter>
    </ClInclude>
    <ClInclude Include="..\Public\RazorBeak.h">
      <Filter>02.GameObjects\Monster\Normal\RazorBeak</Filter>
    </ClInclude>
    <ClInclude Include="..\Public\Level_Boss.h">
      <Filter>01.Levels\Boss</Filter>
    </ClInclude>
    <ClInclude Include="..\Public\Player_Attack_Effect.h">
      <Filter>02.GameObjects\Player\Effect\Attack</Filter>
    </ClInclude>
    <ClInclude Include="..\Public\Player_Q_Dirt.h">
      <Filter>02.GameObjects\Player\WhirlWind\WhirlWind_Normal\Q_Dirt</Filter>
    </ClInclude>
    <ClInclude Include="..\Public\Player_Q_Hit_Effect.h">
      <Filter>02.GameObjects\Player\Effect\Q\Hit</Filter>
    </ClInclude>
    <ClInclude Include="..\Public\Player_E_AfterImage.h">
      <Filter>02.GameObjects\Player\Effect\E</Filter>
    </ClInclude>
    <ClInclude Include="..\Public\Player_E_Effect.h">
      <Filter>02.GameObjects\Player\Effect\E_Effect</Filter>
    </ClInclude>
    <ClInclude Include="..\Public\Player_R_Hit_Effect.h">
      <Filter>02.GameObjects\Player\Effect\R\Hit</Filter>
    </ClInclude>
    <ClInclude Include="..\Public\WhirlWind_Hit_Effect.h">
      <Filter>02.GameObjects\Player\WhirlWind\WhirlWind_Hit_Effect</Filter>
    </ClInclude>
    <ClInclude Include="..\Public\Hit_Effect_Normal.h">
      <Filter>02.GameObjects\Monster\Normal\Effect</Filter>
    </ClInclude>
  </ItemGroup>
  <ItemGroup>
    <ClCompile Include="Client.cpp">
      <Filter>98.Default</Filter>
    </ClCompile>
    <ClCompile Include="stdafx.cpp">
      <Filter>98.Default</Filter>
    </ClCompile>
    <ClCompile Include="..\private\MainApp.cpp">
      <Filter>00.MainApp</Filter>
    </ClCompile>
    <ClCompile Include="..\Private\Loader.cpp">
      <Filter>01.Levels\Loading\Loader</Filter>
    </ClCompile>
    <ClCompile Include="..\Private\Level_GamePlay.cpp">
      <Filter>01.Levels\GamePlay</Filter>
    </ClCompile>
    <ClCompile Include="..\Private\Level_Loading.cpp">
      <Filter>01.Levels\Loading</Filter>
    </ClCompile>
    <ClCompile Include="..\Private\Level_Logo.cpp">
      <Filter>01.Levels\Logo</Filter>
    </ClCompile>
    <ClCompile Include="..\..\Reference\Headers\ImGui\imgui_tables.cpp">
      <Filter>96.ImGUI</Filter>
    </ClCompile>
    <ClCompile Include="..\..\Reference\Headers\ImGui\imgui_widgets.cpp">
      <Filter>96.ImGUI</Filter>
    </ClCompile>
    <ClCompile Include="..\..\Reference\Headers\ImGui\imgui.cpp">
      <Filter>96.ImGUI</Filter>
    </ClCompile>
    <ClCompile Include="..\..\Reference\Headers\ImGui\imgui_demo.cpp">
      <Filter>96.ImGUI</Filter>
    </ClCompile>
    <ClCompile Include="..\..\Reference\Headers\ImGui\imgui_draw.cpp">
      <Filter>96.ImGUI</Filter>
    </ClCompile>
    <ClCompile Include="..\..\Reference\Headers\ImGui\imgui_impl_dx11.cpp">
      <Filter>96.ImGUI</Filter>
    </ClCompile>
    <ClCompile Include="..\..\Reference\Headers\ImGui\imgui_impl_win32.cpp">
      <Filter>96.ImGUI</Filter>
    </ClCompile>
    <ClCompile Include="..\Private\BackGround.cpp">
      <Filter>02.GameObjects\Background</Filter>
    </ClCompile>
    <ClCompile Include="..\Private\Camera_Free.cpp">
      <Filter>02.GameObjects\Camera_Free</Filter>
    </ClCompile>
    <ClCompile Include="..\Private\Terrain.cpp">
      <Filter>02.GameObjects\Terrain</Filter>
    </ClCompile>
    <ClCompile Include="..\Private\ImguiManager.cpp">
      <Filter>96.ImGUI\Manager</Filter>
    </ClCompile>
    <ClCompile Include="..\Private\UI.cpp">
      <Filter>02.GameObjects\UI</Filter>
    </ClCompile>
    <ClCompile Include="..\Private\Player.cpp">
      <Filter>02.GameObjects\Player</Filter>
    </ClCompile>
    <ClCompile Include="..\Private\Monster.cpp">
      <Filter>02.GameObjects\Monster</Filter>
    </ClCompile>
    <ClCompile Include="..\Private\WhirlWind.cpp">
      <Filter>02.GameObjects\Player\WhirlWind</Filter>
    </ClCompile>
    <ClCompile Include="..\Private\WhirlWind_Normal.cpp">
      <Filter>02.GameObjects\Player\WhirlWind\WhirlWind_Normal</Filter>
    </ClCompile>
    <ClCompile Include="MapObject.cpp">
      <Filter>02.GameObjects\MapObject</Filter>
    </ClCompile>
    <ClCompile Include="..\Private\Effect.cpp">
      <Filter>02.GameObjects\Effect</Filter>
    </ClCompile>
    <ClCompile Include="..\Private\WhirlWind_EQ.cpp">
      <Filter>02.GameObjects\Player\WhirlWind\WhirlWind_EQ</Filter>
    </ClCompile>
    <ClCompile Include="..\Private\Voli_Ghost.cpp">
      <Filter>02.GameObjects\Monster\Boss\Volibear\Voli_Ghost</Filter>
    </ClCompile>
    <ClCompile Include="..\Private\Volibear.cpp">
      <Filter>02.GameObjects\Monster\Boss\Volibear</Filter>
    </ClCompile>
    <ClCompile Include="..\Private\Effect_Voli_E.cpp">
      <Filter>02.GameObjects\Monster\Boss\Volibear\Effect</Filter>
    </ClCompile>
    <ClCompile Include="..\Private\Pantheon.cpp">
      <Filter>02.GameObjects\Monster\Boss\Pantheon</Filter>
    </ClCompile>
    <ClCompile Include="..\Private\Player_Q_Effect.cpp">
      <Filter>02.GameObjects\Player\Effect\Q</Filter>
    </ClCompile>
    <ClCompile Include="..\Private\Player_Q_Passive.cpp">
      <Filter>02.GameObjects\Player\Effect\Passive_Q</Filter>
    </ClCompile>
    <ClCompile Include="..\Private\Player_R_Effect.cpp">
      <Filter>02.GameObjects\Player\Effect\R</Filter>
    </ClCompile>
    <ClCompile Include="..\Private\Wolf.cpp">
      <Filter>02.GameObjects\Monster\Normal\Wolf</Filter>
    </ClCompile>
    <ClCompile Include="..\Private\Red.cpp">
      <Filter>02.GameObjects\Monster\Normal\Red</Filter>
    </ClCompile>
    <ClCompile Include="..\Private\RazorBeak.cpp">
      <Filter>02.GameObjects\Monster\Normal\RazorBeak</Filter>
    </ClCompile>
    <ClCompile Include="..\Private\Level_Boss.cpp">
      <Filter>01.Levels\Boss</Filter>
    </ClCompile>
    <ClCompile Include="..\Private\Player_Attack_Effect.cpp">
      <Filter>02.GameObjects\Player\Effect\Attack</Filter>
    </ClCompile>
    <ClCompile Include="..\Private\Player_Q_Dirt.cpp">
      <Filter>02.GameObjects\Player\WhirlWind\WhirlWind_Normal\Q_Dirt</Filter>
    </ClCompile>
    <ClCompile Include="..\Private\Player_Q_Hit_Effect.cpp">
      <Filter>02.GameObjects\Player\Effect\Q\Hit</Filter>
    </ClCompile>
    <ClCompile Include="..\Private\Player_E_AfterImage.cpp">
      <Filter>02.GameObjects\Player\Effect\E</Filter>
    </ClCompile>
    <ClCompile Include="..\Private\Player_E_Effect.cpp">
      <Filter>02.GameObjects\Player\Effect\E_Effect</Filter>
    </ClCompile>
    <ClCompile Include="..\Private\Player_R_Hit_Effect.cpp">
      <Filter>02.GameObjects\Player\Effect\R\Hit</Filter>
    </ClCompile>
    <ClCompile Include="..\Private\WhirlWind_Hit_Effect.cpp">
      <Filter>02.GameObjects\Player\WhirlWind\WhirlWind_Hit_Effect</Filter>
    </ClCompile>
    <ClCompile Include="..\Private\Hit_Effect_Normal.cpp">
      <Filter>02.GameObjects\Monster\Normal\Effect</Filter>
    </ClCompile>
  </ItemGroup>
  <ItemGroup>
    <Image Include="Client.ico">
      <Filter>98.Default</Filter>
    </Image>
    <Image Include="small.ico">
      <Filter>98.Default</Filter>
    </Image>
  </ItemGroup>
  <ItemGroup>
    <ResourceCompile Include="Client.rc">
      <Filter>98.Default</Filter>
    </ResourceCompile>
  </ItemGroup>
  <ItemGroup>
    <Text Include="ReadMe.txt">
      <Filter>98.Default</Filter>
    </Text>
  </ItemGroup>
  <ItemGroup>
    <FxCompile Include="..\Bin\ShaderFiles\Shader_VtxNorTex.hlsl">
      <Filter>97.ShaderFiles</Filter>
    </FxCompile>
    <FxCompile Include="..\Bin\ShaderFiles\Shader_VtxTex.hlsl">
      <Filter>97.ShaderFiles</Filter>
    </FxCompile>
    <FxCompile Include="..\Bin\ShaderFiles\Shader_VtxNonAnim.hlsl">
      <Filter>97.ShaderFiles</Filter>
    </FxCompile>
    <FxCompile Include="..\Bin\ShaderFiles\Shader_VtxAnim.hlsl">
      <Filter>97.ShaderFiles</Filter>
    </FxCompile>
    <FxCompile Include="..\Bin\ShaderFiles\Shader_VtxPointInstance.hlsl">
      <Filter>97.ShaderFiles</Filter>
    </FxCompile>
  </ItemGroup>
</Project>